
Microsoft Visual Studio Solution File, Format Version 12.00
# Visual Studio Version 16
VisualStudioVersion = 16.0.29009.5
MinimumVisualStudioVersion = 10.0.40219.1
Project("{FAE04EC0-301F-11D3-BF4B-00C04F79EFBC}") = "FinestraAcquisti", "FinestraAcquisti\FinestraAcquisti.csproj", "{AA3EC51E-0D04-4D55-B772-049309451F6E}"
EndProject
Global
	GlobalSection(SolutionConfigurationPlatforms) = preSolution
		Debug|Any CPU = Debug|Any CPU
		Release|Any CPU = Release|Any CPU
	EndGlobalSection
	GlobalSection(ProjectConfigurationPlatforms) = postSolution
		{AA3EC51E-0D04-4D55-B772-049309451F6E}.Debug|Any CPU.ActiveCfg = Debug|Any CPU
		{AA3EC51E-0D04-4D55-B772-049309451F6E}.Debug|Any CPU.Build.0 = Debug|Any CPU
		{AA3EC51E-0D04-4D55-B772-049309451F6E}.Release|Any CPU.ActiveCfg = Release|Any CPU
		{AA3EC51E-0D04-4D55-B772-049309451F6E}.Release|Any CPU.Build.0 = Release|Any CPU
	EndGlobalSection
	GlobalSection(SolutionProperties) = preSolution
		HideSolutionNode = FALSE
	EndGlobalSection
	GlobalSection(ExtensibilityGlobals) = postSolution
		SolutionGuid = {EC5E2EE3-5DD1-4CF3-8777-D0CE3747A4DA}
	EndGlobalSection
EndGlobal
